{
  "version": "4",
  "specifiers": {
    "jsr:@sallai/ask@^2.0.2": "2.0.2",
    "jsr:@sallai/iro@^1.0.3": "1.0.4",
    "jsr:@sallai/iro@^1.0.4": "1.0.4"
  },
  "jsr": {
    "@sallai/ask@2.0.2": {
      "integrity": "8a1d3cfe5f5a1d4b1e66412c7537f8879b8e70b949076ae9d2e05cff4a82ab42",
      "dependencies": [
        "jsr:@sallai/iro@^1.0.3"
      ]
    },
    "@sallai/iro@1.0.4": {
      "integrity": "e14f39c7b80e80994788a8542b2c4983554fd4bb6d2f2a09471327f9cf37ee36"
    }
  },
  "workspace": {
    "dependencies": [
      "jsr:@sallai/ask@^2.0.2",
      "jsr:@sallai/iro@^1.0.4"
    ]
  }
}
